
Microsoft Visual Studio Solution File, Format Version 12.00
# Visual Studio 15
VisualStudioVersion = 15.0.28307.645
MinimumVisualStudioVersion = 10.0.40219.1
Project("{9A19103F-16F7-4668-BE54-9A1E7A4F7556}") = "Never", "src\Never\Never.csproj", "{8F12FB10-685A-4D01-BDBC-B6C90C4DE3B2}"
EndProject
Project("{9A19103F-16F7-4668-BE54-9A1E7A4F7556}") = "Never.EasySql", "src\Never.EasySql\Never.EasySql.csproj", "{DE092F24-2880-4C2C-8E78-893DF9360DE4}"
EndProject
Project("{9A19103F-16F7-4668-BE54-9A1E7A4F7556}") = "Never.WorkFlow", "src\Never.WorkFlow\Never.WorkFlow.csproj", "{F7A8BFCD-D1DF-4AFC-BB91-FB23AEF14599}"
EndProject
Project("{9A19103F-16F7-4668-BE54-9A1E7A4F7556}") = "Never.Configuration", "src\Never.Configuration\Never.Configuration.csproj", "{E6EF204E-323B-4BA6-945E-A67A3BF8BC3B}"
EndProject
Project("{9A19103F-16F7-4668-BE54-9A1E7A4F7556}") = "Never.Deployment", "src\Never.Deployment\Never.Deployment.csproj", "{CCFD3486-1705-486A-BC6D-AAB310B6AE94}"
EndProject
Project("{2150E333-8FDC-42A3-9474-1A3956D46DE8}") = "test", "test", "{523D1460-3987-43E5-848E-A3E7F988F48E}"
EndProject
Project("{9A19103F-16F7-4668-BE54-9A1E7A4F7556}") = "Never.TestConsole", "test\Never.TestConsole\Never.TestConsole.csproj", "{42A4EB21-2ABA-486B-9BD0-9BECA80EC24A}"
EndProject
Project("{9A19103F-16F7-4668-BE54-9A1E7A4F7556}") = "Never.TestWorkFlow", "test\Never.TestWorkflow\Never.TestWorkFlow.csproj", "{1E5E2598-0EC0-4D15-A379-47B1162D3E08}"
EndProject
Project("{9A19103F-16F7-4668-BE54-9A1E7A4F7556}") = "Never.Memcached", "src\Never.MemCached\Never.Memcached.csproj", "{DC657EAA-D075-4C18-9D3B-ECC70DBAEC7A}"
EndProject
Global
	GlobalSection(SolutionConfigurationPlatforms) = preSolution
		Debug|Any CPU = Debug|Any CPU
		Release|Any CPU = Release|Any CPU
	EndGlobalSection
	GlobalSection(ProjectConfigurationPlatforms) = postSolution
		{8F12FB10-685A-4D01-BDBC-B6C90C4DE3B2}.Debug|Any CPU.ActiveCfg = Debug|Any CPU
		{8F12FB10-685A-4D01-BDBC-B6C90C4DE3B2}.Debug|Any CPU.Build.0 = Debug|Any CPU
		{8F12FB10-685A-4D01-BDBC-B6C90C4DE3B2}.Release|Any CPU.ActiveCfg = Release|Any CPU
		{8F12FB10-685A-4D01-BDBC-B6C90C4DE3B2}.Release|Any CPU.Build.0 = Release|Any CPU
		{DE092F24-2880-4C2C-8E78-893DF9360DE4}.Debug|Any CPU.ActiveCfg = Debug|Any CPU
		{DE092F24-2880-4C2C-8E78-893DF9360DE4}.Debug|Any CPU.Build.0 = Debug|Any CPU
		{DE092F24-2880-4C2C-8E78-893DF9360DE4}.Release|Any CPU.ActiveCfg = Release|Any CPU
		{DE092F24-2880-4C2C-8E78-893DF9360DE4}.Release|Any CPU.Build.0 = Release|Any CPU
		{F7A8BFCD-D1DF-4AFC-BB91-FB23AEF14599}.Debug|Any CPU.ActiveCfg = Debug|Any CPU
		{F7A8BFCD-D1DF-4AFC-BB91-FB23AEF14599}.Debug|Any CPU.Build.0 = Debug|Any CPU
		{F7A8BFCD-D1DF-4AFC-BB91-FB23AEF14599}.Release|Any CPU.ActiveCfg = Release|Any CPU
		{F7A8BFCD-D1DF-4AFC-BB91-FB23AEF14599}.Release|Any CPU.Build.0 = Release|Any CPU
		{E6EF204E-323B-4BA6-945E-A67A3BF8BC3B}.Debug|Any CPU.ActiveCfg = Debug|Any CPU
		{E6EF204E-323B-4BA6-945E-A67A3BF8BC3B}.Debug|Any CPU.Build.0 = Debug|Any CPU
		{E6EF204E-323B-4BA6-945E-A67A3BF8BC3B}.Release|Any CPU.ActiveCfg = Release|Any CPU
		{E6EF204E-323B-4BA6-945E-A67A3BF8BC3B}.Release|Any CPU.Build.0 = Release|Any CPU
		{CCFD3486-1705-486A-BC6D-AAB310B6AE94}.Debug|Any CPU.ActiveCfg = Debug|Any CPU
		{CCFD3486-1705-486A-BC6D-AAB310B6AE94}.Debug|Any CPU.Build.0 = Debug|Any CPU
		{CCFD3486-1705-486A-BC6D-AAB310B6AE94}.Release|Any CPU.ActiveCfg = Release|Any CPU
		{CCFD3486-1705-486A-BC6D-AAB310B6AE94}.Release|Any CPU.Build.0 = Release|Any CPU
		{42A4EB21-2ABA-486B-9BD0-9BECA80EC24A}.Debug|Any CPU.ActiveCfg = Debug|Any CPU
		{42A4EB21-2ABA-486B-9BD0-9BECA80EC24A}.Debug|Any CPU.Build.0 = Debug|Any CPU
		{42A4EB21-2ABA-486B-9BD0-9BECA80EC24A}.Release|Any CPU.ActiveCfg = Release|Any CPU
		{42A4EB21-2ABA-486B-9BD0-9BECA80EC24A}.Release|Any CPU.Build.0 = Release|Any CPU
		{1E5E2598-0EC0-4D15-A379-47B1162D3E08}.Debug|Any CPU.ActiveCfg = Debug|Any CPU
		{1E5E2598-0EC0-4D15-A379-47B1162D3E08}.Debug|Any CPU.Build.0 = Debug|Any CPU
		{1E5E2598-0EC0-4D15-A379-47B1162D3E08}.Release|Any CPU.ActiveCfg = Release|Any CPU
		{1E5E2598-0EC0-4D15-A379-47B1162D3E08}.Release|Any CPU.Build.0 = Release|Any CPU
		{DC657EAA-D075-4C18-9D3B-ECC70DBAEC7A}.Debug|Any CPU.ActiveCfg = Debug|Any CPU
		{DC657EAA-D075-4C18-9D3B-ECC70DBAEC7A}.Debug|Any CPU.Build.0 = Debug|Any CPU
		{DC657EAA-D075-4C18-9D3B-ECC70DBAEC7A}.Release|Any CPU.ActiveCfg = Release|Any CPU
		{DC657EAA-D075-4C18-9D3B-ECC70DBAEC7A}.Release|Any CPU.Build.0 = Release|Any CPU
	EndGlobalSection
	GlobalSection(SolutionProperties) = preSolution
		HideSolutionNode = FALSE
	EndGlobalSection
	GlobalSection(NestedProjects) = preSolution
		{42A4EB21-2ABA-486B-9BD0-9BECA80EC24A} = {523D1460-3987-43E5-848E-A3E7F988F48E}
		{1E5E2598-0EC0-4D15-A379-47B1162D3E08} = {523D1460-3987-43E5-848E-A3E7F988F48E}
	EndGlobalSection
	GlobalSection(ExtensibilityGlobals) = postSolution
		SolutionGuid = {98FF3BAD-84CC-482A-91DB-F008915B25CC}
		EnterpriseLibraryConfigurationToolBinariesPath = packages\Unity.2.1.505.2\lib\NET35
	EndGlobalSection
EndGlobal
