
Microsoft Visual Studio Solution File, Format Version 12.00
# Visual Studio Version 16
VisualStudioVersion = 16.0.29025.244
MinimumVisualStudioVersion = 10.0.40219.1
Project("{9A19103F-16F7-4668-BE54-9A1E7A4F7556}") = "Never", "src\Never\Never.csproj", "{8F12FB10-685A-4D01-BDBC-B6C90C4DE3B2}"
EndProject
Project("{9A19103F-16F7-4668-BE54-9A1E7A4F7556}") = "Never.EasySql", "src\Never.EasySql\Never.EasySql.csproj", "{DE092F24-2880-4C2C-8E78-893DF9360DE4}"
EndProject
Project("{9A19103F-16F7-4668-BE54-9A1E7A4F7556}") = "Never.WorkFlow", "src\Never.WorkFlow\Never.WorkFlow.csproj", "{F7A8BFCD-D1DF-4AFC-BB91-FB23AEF14599}"
EndProject
Project("{9A19103F-16F7-4668-BE54-9A1E7A4F7556}") = "Never.Configuration", "src\Never.Configuration\Never.Configuration.csproj", "{E6EF204E-323B-4BA6-945E-A67A3BF8BC3B}"
EndProject
Project("{9A19103F-16F7-4668-BE54-9A1E7A4F7556}") = "Never.Deployment", "src\Never.Deployment\Never.Deployment.csproj", "{CCFD3486-1705-486A-BC6D-AAB310B6AE94}"
EndProject
Project("{2150E333-8FDC-42A3-9474-1A3956D46DE8}") = "test", "test", "{523D1460-3987-43E5-848E-A3E7F988F48E}"
EndProject
Project("{9A19103F-16F7-4668-BE54-9A1E7A4F7556}") = "Never.Test", "test\Never.Test\Never.Test.csproj", "{42A4EB21-2ABA-486B-9BD0-9BECA80EC24A}"
EndProject
Project("{9A19103F-16F7-4668-BE54-9A1E7A4F7556}") = "Never.TestWorkerService", "test\Never.TestWorkerService\Never.TestWorkerService.csproj", "{1E5E2598-0EC0-4D15-A379-47B1162D3E08}"
EndProject
Project("{9A19103F-16F7-4668-BE54-9A1E7A4F7556}") = "Never.Memcached", "src\Never.MemCached\Never.Memcached.csproj", "{DC657EAA-D075-4C18-9D3B-ECC70DBAEC7A}"
EndProject
Project("{9A19103F-16F7-4668-BE54-9A1E7A4F7556}") = "Never.Hosting", "src\Never.Hosting\Never.Hosting.csproj", "{B3AEBA72-71B7-4632-B62C-DA93818659EB}"
EndProject
Project("{9A19103F-16F7-4668-BE54-9A1E7A4F7556}") = "Never.Web", "src\Never.Web\Never.Web.csproj", "{E33F80A6-24F1-4B98-8CFD-3940B1D507B5}"
EndProject
Project("{9A19103F-16F7-4668-BE54-9A1E7A4F7556}") = "Never.Web.Mvc", "src\Never.Web.Mvc\Never.Web.Mvc.csproj", "{EBCE3BC1-AD46-46F9-8AC1-0FF8C29BB9FB}"
EndProject
Project("{9A19103F-16F7-4668-BE54-9A1E7A4F7556}") = "Never.Web.WebApi", "src\Never.Web.WebApi\Never.Web.WebApi.csproj", "{DD70FFC3-025E-4014-9C7C-7A3F38312986}"
EndProject
Project("{FAE04EC0-301F-11D3-BF4B-00C04F79EFBC}") = "Never.TestMvc", "test\Never.TestMvc\Never.TestMvc.csproj", "{60177A6A-35BB-4528-8098-6838C9BDBA41}"
EndProject
Project("{9A19103F-16F7-4668-BE54-9A1E7A4F7556}") = "Never.TestWebApi", "test\Never.TestWebApi\Never.TestWebApi.csproj", "{3DDF5CE6-9F12-4A43-8242-D5D3E9143D49}"
EndProject
Project("{9A19103F-16F7-4668-BE54-9A1E7A4F7556}") = "Never.WorkerService", "src\Never.WorkerService\Never.WorkerService.csproj", "{975E53F5-B1F7-4494-943C-22A5AF3EB742}"
EndProject
Global
	GlobalSection(SolutionConfigurationPlatforms) = preSolution
		Debug|Any CPU = Debug|Any CPU
		Release|Any CPU = Release|Any CPU
	EndGlobalSection
	GlobalSection(ProjectConfigurationPlatforms) = postSolution
		{8F12FB10-685A-4D01-BDBC-B6C90C4DE3B2}.Debug|Any CPU.ActiveCfg = Debug|Any CPU
		{8F12FB10-685A-4D01-BDBC-B6C90C4DE3B2}.Debug|Any CPU.Build.0 = Debug|Any CPU
		{8F12FB10-685A-4D01-BDBC-B6C90C4DE3B2}.Release|Any CPU.ActiveCfg = Release|Any CPU
		{8F12FB10-685A-4D01-BDBC-B6C90C4DE3B2}.Release|Any CPU.Build.0 = Release|Any CPU
		{DE092F24-2880-4C2C-8E78-893DF9360DE4}.Debug|Any CPU.ActiveCfg = Debug|Any CPU
		{DE092F24-2880-4C2C-8E78-893DF9360DE4}.Debug|Any CPU.Build.0 = Debug|Any CPU
		{DE092F24-2880-4C2C-8E78-893DF9360DE4}.Release|Any CPU.ActiveCfg = Release|Any CPU
		{DE092F24-2880-4C2C-8E78-893DF9360DE4}.Release|Any CPU.Build.0 = Release|Any CPU
		{F7A8BFCD-D1DF-4AFC-BB91-FB23AEF14599}.Debug|Any CPU.ActiveCfg = Debug|Any CPU
		{F7A8BFCD-D1DF-4AFC-BB91-FB23AEF14599}.Debug|Any CPU.Build.0 = Debug|Any CPU
		{F7A8BFCD-D1DF-4AFC-BB91-FB23AEF14599}.Release|Any CPU.ActiveCfg = Release|Any CPU
		{F7A8BFCD-D1DF-4AFC-BB91-FB23AEF14599}.Release|Any CPU.Build.0 = Release|Any CPU
		{E6EF204E-323B-4BA6-945E-A67A3BF8BC3B}.Debug|Any CPU.ActiveCfg = Debug|Any CPU
		{E6EF204E-323B-4BA6-945E-A67A3BF8BC3B}.Debug|Any CPU.Build.0 = Debug|Any CPU
		{E6EF204E-323B-4BA6-945E-A67A3BF8BC3B}.Release|Any CPU.ActiveCfg = Release|Any CPU
		{E6EF204E-323B-4BA6-945E-A67A3BF8BC3B}.Release|Any CPU.Build.0 = Release|Any CPU
		{CCFD3486-1705-486A-BC6D-AAB310B6AE94}.Debug|Any CPU.ActiveCfg = Debug|Any CPU
		{CCFD3486-1705-486A-BC6D-AAB310B6AE94}.Debug|Any CPU.Build.0 = Debug|Any CPU
		{CCFD3486-1705-486A-BC6D-AAB310B6AE94}.Release|Any CPU.ActiveCfg = Release|Any CPU
		{CCFD3486-1705-486A-BC6D-AAB310B6AE94}.Release|Any CPU.Build.0 = Release|Any CPU
		{42A4EB21-2ABA-486B-9BD0-9BECA80EC24A}.Debug|Any CPU.ActiveCfg = Debug|Any CPU
		{42A4EB21-2ABA-486B-9BD0-9BECA80EC24A}.Debug|Any CPU.Build.0 = Debug|Any CPU
		{42A4EB21-2ABA-486B-9BD0-9BECA80EC24A}.Release|Any CPU.ActiveCfg = Release|Any CPU
		{42A4EB21-2ABA-486B-9BD0-9BECA80EC24A}.Release|Any CPU.Build.0 = Release|Any CPU
		{1E5E2598-0EC0-4D15-A379-47B1162D3E08}.Debug|Any CPU.ActiveCfg = Debug|Any CPU
		{1E5E2598-0EC0-4D15-A379-47B1162D3E08}.Debug|Any CPU.Build.0 = Debug|Any CPU
		{1E5E2598-0EC0-4D15-A379-47B1162D3E08}.Release|Any CPU.ActiveCfg = Release|Any CPU
		{1E5E2598-0EC0-4D15-A379-47B1162D3E08}.Release|Any CPU.Build.0 = Release|Any CPU
		{DC657EAA-D075-4C18-9D3B-ECC70DBAEC7A}.Debug|Any CPU.ActiveCfg = Debug|Any CPU
		{DC657EAA-D075-4C18-9D3B-ECC70DBAEC7A}.Debug|Any CPU.Build.0 = Debug|Any CPU
		{DC657EAA-D075-4C18-9D3B-ECC70DBAEC7A}.Release|Any CPU.ActiveCfg = Release|Any CPU
		{DC657EAA-D075-4C18-9D3B-ECC70DBAEC7A}.Release|Any CPU.Build.0 = Release|Any CPU
		{B3AEBA72-71B7-4632-B62C-DA93818659EB}.Debug|Any CPU.ActiveCfg = Debug|Any CPU
		{B3AEBA72-71B7-4632-B62C-DA93818659EB}.Debug|Any CPU.Build.0 = Debug|Any CPU
		{B3AEBA72-71B7-4632-B62C-DA93818659EB}.Release|Any CPU.ActiveCfg = Release|Any CPU
		{B3AEBA72-71B7-4632-B62C-DA93818659EB}.Release|Any CPU.Build.0 = Release|Any CPU
		{E33F80A6-24F1-4B98-8CFD-3940B1D507B5}.Debug|Any CPU.ActiveCfg = Debug|Any CPU
		{E33F80A6-24F1-4B98-8CFD-3940B1D507B5}.Debug|Any CPU.Build.0 = Debug|Any CPU
		{E33F80A6-24F1-4B98-8CFD-3940B1D507B5}.Release|Any CPU.ActiveCfg = Release|Any CPU
		{E33F80A6-24F1-4B98-8CFD-3940B1D507B5}.Release|Any CPU.Build.0 = Release|Any CPU
		{EBCE3BC1-AD46-46F9-8AC1-0FF8C29BB9FB}.Debug|Any CPU.ActiveCfg = Debug|Any CPU
		{EBCE3BC1-AD46-46F9-8AC1-0FF8C29BB9FB}.Debug|Any CPU.Build.0 = Debug|Any CPU
		{EBCE3BC1-AD46-46F9-8AC1-0FF8C29BB9FB}.Release|Any CPU.ActiveCfg = Release|Any CPU
		{EBCE3BC1-AD46-46F9-8AC1-0FF8C29BB9FB}.Release|Any CPU.Build.0 = Release|Any CPU
		{DD70FFC3-025E-4014-9C7C-7A3F38312986}.Debug|Any CPU.ActiveCfg = Debug|Any CPU
		{DD70FFC3-025E-4014-9C7C-7A3F38312986}.Debug|Any CPU.Build.0 = Debug|Any CPU
		{DD70FFC3-025E-4014-9C7C-7A3F38312986}.Release|Any CPU.ActiveCfg = Release|Any CPU
		{DD70FFC3-025E-4014-9C7C-7A3F38312986}.Release|Any CPU.Build.0 = Release|Any CPU
		{60177A6A-35BB-4528-8098-6838C9BDBA41}.Debug|Any CPU.ActiveCfg = Debug|Any CPU
		{60177A6A-35BB-4528-8098-6838C9BDBA41}.Debug|Any CPU.Build.0 = Debug|Any CPU
		{60177A6A-35BB-4528-8098-6838C9BDBA41}.Release|Any CPU.ActiveCfg = Release|Any CPU
		{60177A6A-35BB-4528-8098-6838C9BDBA41}.Release|Any CPU.Build.0 = Release|Any CPU
		{3DDF5CE6-9F12-4A43-8242-D5D3E9143D49}.Debug|Any CPU.ActiveCfg = Debug|Any CPU
		{3DDF5CE6-9F12-4A43-8242-D5D3E9143D49}.Debug|Any CPU.Build.0 = Debug|Any CPU
		{3DDF5CE6-9F12-4A43-8242-D5D3E9143D49}.Release|Any CPU.ActiveCfg = Release|Any CPU
		{3DDF5CE6-9F12-4A43-8242-D5D3E9143D49}.Release|Any CPU.Build.0 = Release|Any CPU
		{975E53F5-B1F7-4494-943C-22A5AF3EB742}.Debug|Any CPU.ActiveCfg = Debug|Any CPU
		{975E53F5-B1F7-4494-943C-22A5AF3EB742}.Debug|Any CPU.Build.0 = Debug|Any CPU
		{975E53F5-B1F7-4494-943C-22A5AF3EB742}.Release|Any CPU.ActiveCfg = Release|Any CPU
		{975E53F5-B1F7-4494-943C-22A5AF3EB742}.Release|Any CPU.Build.0 = Release|Any CPU
	EndGlobalSection
	GlobalSection(SolutionProperties) = preSolution
		HideSolutionNode = FALSE
	EndGlobalSection
	GlobalSection(NestedProjects) = preSolution
		{42A4EB21-2ABA-486B-9BD0-9BECA80EC24A} = {523D1460-3987-43E5-848E-A3E7F988F48E}
		{1E5E2598-0EC0-4D15-A379-47B1162D3E08} = {523D1460-3987-43E5-848E-A3E7F988F48E}
		{60177A6A-35BB-4528-8098-6838C9BDBA41} = {523D1460-3987-43E5-848E-A3E7F988F48E}
		{3DDF5CE6-9F12-4A43-8242-D5D3E9143D49} = {523D1460-3987-43E5-848E-A3E7F988F48E}
	EndGlobalSection
	GlobalSection(ExtensibilityGlobals) = postSolution
		EnterpriseLibraryConfigurationToolBinariesPath = packages\Unity.2.1.505.2\lib\NET35
		SolutionGuid = {98FF3BAD-84CC-482A-91DB-F008915B25CC}
	EndGlobalSection
EndGlobal
